
Microsoft Visual Studio Solution File, Format Version 12.00
# Visual Studio Version 17
VisualStudioVersion = 17.4.33122.133
MinimumVisualStudioVersion = 10.0.40219.1
Project("{FAE04EC0-301F-11D3-BF4B-00C04F79EFBC}") = "property", "property\property.csproj", "{CE3DAC53-20C7-4379-A0DA-FCF5E4731A5A}"
EndProject
Global
	GlobalSection(SolutionConfigurationPlatforms) = preSolution
		Debug|Any CPU = Debug|Any CPU
		Release|Any CPU = Release|Any CPU
	EndGlobalSection
	GlobalSection(ProjectConfigurationPlatforms) = postSolution
		{CE3DAC53-20C7-4379-A0DA-FCF5E4731A5A}.Debug|Any CPU.ActiveCfg = Debug|Any CPU
		{CE3DAC53-20C7-4379-A0DA-FCF5E4731A5A}.Debug|Any CPU.Build.0 = Debug|Any CPU
		{CE3DAC53-20C7-4379-A0DA-FCF5E4731A5A}.Release|Any CPU.ActiveCfg = Release|Any CPU
		{CE3DAC53-20C7-4379-A0DA-FCF5E4731A5A}.Release|Any CPU.Build.0 = Release|Any CPU
	EndGlobalSection
	GlobalSection(SolutionProperties) = preSolution
		HideSolutionNode = FALSE
	EndGlobalSection
	GlobalSection(ExtensibilityGlobals) = postSolution
		SolutionGuid = {6570031A-FCE1-4FBA-B25B-EBB6CA00C985}
	EndGlobalSection
EndGlobal
