
Microsoft Visual Studio Solution File, Format Version 12.00
# Visual Studio Version 17
VisualStudioVersion = 17.4.33122.133
MinimumVisualStudioVersion = 10.0.40219.1
Project("{FAE04EC0-301F-11D3-BF4B-00C04F79EFBC}") = "abstractproperty", "abstractproperty\abstractproperty.csproj", "{6F223255-08CB-490E-BF4D-33B92440EFBA}"
EndProject
Global
	GlobalSection(SolutionConfigurationPlatforms) = preSolution
		Debug|Any CPU = Debug|Any CPU
		Release|Any CPU = Release|Any CPU
	EndGlobalSection
	GlobalSection(ProjectConfigurationPlatforms) = postSolution
		{6F223255-08CB-490E-BF4D-33B92440EFBA}.Debug|Any CPU.ActiveCfg = Debug|Any CPU
		{6F223255-08CB-490E-BF4D-33B92440EFBA}.Debug|Any CPU.Build.0 = Debug|Any CPU
		{6F223255-08CB-490E-BF4D-33B92440EFBA}.Release|Any CPU.ActiveCfg = Release|Any CPU
		{6F223255-08CB-490E-BF4D-33B92440EFBA}.Release|Any CPU.Build.0 = Release|Any CPU
	EndGlobalSection
	GlobalSection(SolutionProperties) = preSolution
		HideSolutionNode = FALSE
	EndGlobalSection
	GlobalSection(ExtensibilityGlobals) = postSolution
		SolutionGuid = {F6C3C03E-D8D3-4A49-83C3-0D0D9EDE09B5}
	EndGlobalSection
EndGlobal
