
Microsoft Visual Studio Solution File, Format Version 12.00
# Visual Studio Version 17
VisualStudioVersion = 17.4.33122.133
MinimumVisualStudioVersion = 10.0.40219.1
Project("{FAE04EC0-301F-11D3-BF4B-00C04F79EFBC}") = "variablereferencetype", "variablereferencetype\variablereferencetype.csproj", "{FEB23257-DB14-4140-BA70-25A4113C52CF}"
EndProject
Global
	GlobalSection(SolutionConfigurationPlatforms) = preSolution
		Debug|Any CPU = Debug|Any CPU
		Release|Any CPU = Release|Any CPU
	EndGlobalSection
	GlobalSection(ProjectConfigurationPlatforms) = postSolution
		{FEB23257-DB14-4140-BA70-25A4113C52CF}.Debug|Any CPU.ActiveCfg = Debug|Any CPU
		{FEB23257-DB14-4140-BA70-25A4113C52CF}.Debug|Any CPU.Build.0 = Debug|Any CPU
		{FEB23257-DB14-4140-BA70-25A4113C52CF}.Release|Any CPU.ActiveCfg = Release|Any CPU
		{FEB23257-DB14-4140-BA70-25A4113C52CF}.Release|Any CPU.Build.0 = Release|Any CPU
	EndGlobalSection
	GlobalSection(SolutionProperties) = preSolution
		HideSolutionNode = FALSE
	EndGlobalSection
	GlobalSection(ExtensibilityGlobals) = postSolution
		SolutionGuid = {74286CB2-AAE8-4F78-BA9E-F76E802953C9}
	EndGlobalSection
EndGlobal
